<?xml version="1.0" encoding="UTF-8" standalone="yes" ?>
<CodeBlocks_project_file>
	<FileVersion major="1" minor="6" />
	<Project>
		<Option title="Problem Solver" />
		<Option pch_mode="2" />
		<Option compiler="gcc" />
		<Build>
			<Target title="Debug">
				<Option output="bin/Debug/Problem Solver" prefix_auto="1" extension_auto="1" />
				<Option object_output="obj/Debug/" />
				<Option type="1" />
				<Option compiler="gcc" />
				<Compiler>
					<Add option="-g" />
				</Compiler>
			</Target>
			<Target title="Release">
				<Option output="bin/Release/Problem Solver" prefix_auto="1" extension_auto="1" />
				<Option object_output="obj/Release/" />
				<Option type="1" />
				<Option compiler="gcc" />
				<Compiler>
					<Add option="-O2" />
				</Compiler>
				<Linker>
					<Add option="-s" />
				</Linker>
			</Target>
		</Build>
		<Compiler>
			<Add option="-Wall" />
		</Compiler>
		<Unit filename="InfInt.h" />
		<Unit filename="Primes.cpp" />
		<Unit filename="Primes.h" />
		<Unit filename="Problem1.cpp" />
		<Unit filename="Problem1.h" />
		<Unit filename="Problem11.cpp" />
		<Unit filename="Problem11.h" />
		<Unit filename="Problem2.cpp" />
		<Unit filename="Problem2.h" />
		<Unit filename="Problem3.cpp" />
		<Unit filename="Problem3.h" />
		<Unit filename="Problem4.cpp" />
		<Unit filename="Problem4.h" />
		<Unit filename="Problem5.cpp" />
		<Unit filename="Problem5.h" />
		<Unit filename="Problem6.cpp" />
		<Unit filename="Problem6.h" />
		<Unit filename="Problem8.cpp" />
		<Unit filename="Problem8.h" />
		<Unit filename="Problem9.cpp" />
		<Unit filename="Problem9.h" />
		<Unit filename="ProblemSolver.cpp" />
		<Extensions>
			<code_completion />
			<envvars />
			<debugger />
			<lib_finder disable_auto="1" />
		</Extensions>
	</Project>
</CodeBlocks_project_file>
