<?xml version="1.0" encoding="UTF-8" standalone="yes" ?>
<CodeBlocks_project_file>
	<FileVersion major="1" minor="6" />
	<Project>
		<Option title="Problem Solver" />
		<Option pch_mode="2" />
		<Option compiler="gcc" />
		<Build>
			<Target title="Debug">
				<Option output="bin/Debug/Problem Solver" prefix_auto="1" extension_auto="1" />
				<Option object_output="obj/Debug/" />
				<Option type="1" />
				<Option compiler="gcc" />
				<Compiler>
					<Add option="-g" />
					<Add directory="include" />
				</Compiler>
			</Target>
			<Target title="Release">
				<Option output="bin/Release/Problem Solver" prefix_auto="1" extension_auto="1" />
				<Option object_output="obj/Release/" />
				<Option type="1" />
				<Option compiler="gcc" />
				<Compiler>
					<Add option="-O2" />
					<Add directory="include" />
				</Compiler>
				<Linker>
					<Add option="-s" />
				</Linker>
			</Target>
		</Build>
		<Compiler>
			<Add option="-Wall" />
		</Compiler>
		<Unit filename="include/InfInt.h" />
		<Unit filename="include/Primes.h" />
		<Unit filename="include/Problem1.h" />
		<Unit filename="include/Problem11.h" />
		<Unit filename="include/Problem12.h" />
		<Unit filename="include/Problem13.h" />
		<Unit filename="include/Problem14.h" />
		<Unit filename="include/Problem15.h" />
		<Unit filename="include/Problem2.h" />
		<Unit filename="include/Problem3.h" />
		<Unit filename="include/Problem4.h" />
		<Unit filename="include/Problem5.h" />
		<Unit filename="include/Problem6.h" />
		<Unit filename="include/Problem8.h" />
		<Unit filename="include/Problem9.h" />
		<Unit filename="include/Problems.h" />
		<Unit filename="src/Primes.cpp" />
		<Unit filename="src/Problem1.cpp" />
		<Unit filename="src/Problem11.cpp" />
		<Unit filename="src/Problem12.cpp" />
		<Unit filename="src/Problem13.cpp" />
		<Unit filename="src/Problem14.cpp" />
		<Unit filename="src/Problem15.cpp" />
		<Unit filename="src/Problem2.cpp" />
		<Unit filename="src/Problem3.cpp" />
		<Unit filename="src/Problem4.cpp" />
		<Unit filename="src/Problem5.cpp" />
		<Unit filename="src/Problem6.cpp" />
		<Unit filename="src/Problem8.cpp" />
		<Unit filename="src/Problem9.cpp" />
		<Unit filename="src/ProblemSolver.cpp" />
		<Extensions>
			<code_completion />
			<envvars />
			<debugger />
			<lib_finder disable_auto="1" />
		</Extensions>
	</Project>
</CodeBlocks_project_file>
